{
  "name": "crud-api",
  "version": "1.0.0",
  "lockfileVersion": 2,
  "requires": true,
  "packages": {
    "": {
      "name": "crud-api",
      "version": "1.0.0",
      "license": "ISC",
      "dependencies": {
        "@dazn/lambda-powertools-logger": "^1.28.1",
        "uuid": "^8.3.2"
      }
    },
    "node_modules/@dazn/lambda-powertools-correlation-ids": {
      "version": "1.28.1",
      "resolved": "https://registry.npmjs.org/@dazn/lambda-powertools-correlation-ids/-/lambda-powertools-correlation-ids-1.28.1.tgz",
      "integrity": "sha512-/RZUT5ZlVcQxsWi+OolEwXUIsXHqffNeZ+eY4Je23s9VcztuqHuHeyrlJh1m5Kg76EsvQTq+5b1xvjf3J/6A1Q=="
    },
    "node_modules/@dazn/lambda-powertools-logger": {
      "version": "1.28.1",
      "resolved": "https://registry.npmjs.org/@dazn/lambda-powertools-logger/-/lambda-powertools-logger-1.28.1.tgz",
      "integrity": "sha512-vfnKgEwW/jv4PSkqRsEWPWLY5fkcjCnLrSZpca2Exh7pIUWZQN3FqLdpqs23caa+qtOCJ2JM8toa21uwSzYMLw==",
      "dependencies": {
        "@dazn/lambda-powertools-correlation-ids": "^1.28.1"
      }
    },
    "node_modules/uuid": {
      "version": "8.3.2",
      "resolved": "https://registry.npmjs.org/uuid/-/uuid-8.3.2.tgz",
      "integrity": "sha512-+NYs2QeMWy+GWFOEm9xnn6HCDp0l7QBD7ml8zLUmJ+93Q5NF0NocErnwkTkXVFNiX3/fpC6afS8Dhb/gz7R7eg==",
      "bin": {
        "uuid": "dist/bin/uuid"
      }
    }
  },
  "dependencies": {
    "@dazn/lambda-powertools-correlation-ids": {
      "version": "1.28.1",
      "resolved": "https://registry.npmjs.org/@dazn/lambda-powertools-correlation-ids/-/lambda-powertools-correlation-ids-1.28.1.tgz",
      "integrity": "sha512-/RZUT5ZlVcQxsWi+OolEwXUIsXHqffNeZ+eY4Je23s9VcztuqHuHeyrlJh1m5Kg76EsvQTq+5b1xvjf3J/6A1Q=="
    },
    "@dazn/lambda-powertools-logger": {
      "version": "1.28.1",
      "resolved": "https://registry.npmjs.org/@dazn/lambda-powertools-logger/-/lambda-powertools-logger-1.28.1.tgz",
      "integrity": "sha512-vfnKgEwW/jv4PSkqRsEWPWLY5fkcjCnLrSZpca2Exh7pIUWZQN3FqLdpqs23caa+qtOCJ2JM8toa21uwSzYMLw==",
      "requires": {
        "@dazn/lambda-powertools-correlation-ids": "^1.28.1"
      }
    },
    "uuid": {
      "version": "8.3.2",
      "resolved": "https://registry.npmjs.org/uuid/-/uuid-8.3.2.tgz",
      "integrity": "sha512-+NYs2QeMWy+GWFOEm9xnn6HCDp0l7QBD7ml8zLUmJ+93Q5NF0NocErnwkTkXVFNiX3/fpC6afS8Dhb/gz7R7eg=="
    }
  }
}
